
Microsoft Visual Studio Solution File, Format Version 12.00
# Visual Studio Version 17
VisualStudioVersion = 17.5.002.0
MinimumVisualStudioVersion = 10.0.40219.1
Project("{9A19103F-16F7-4668-BE54-9A1E7A4F7556}") = "BlazorServer_MudBlazor", "BlazorServer\BlazorServer_MudBlazor.csproj", "{08E94154-A8EA-4FC4-B578-9BA1D90CA990}"
EndProject
Global
	GlobalSection(SolutionConfigurationPlatforms) = preSolution
		Debug|Any CPU = Debug|Any CPU
		Release|Any CPU = Release|Any CPU
	EndGlobalSection
	GlobalSection(ProjectConfigurationPlatforms) = postSolution
		{08E94154-A8EA-4FC4-B578-9BA1D90CA990}.Debug|Any CPU.ActiveCfg = Debug|Any CPU
		{08E94154-A8EA-4FC4-B578-9BA1D90CA990}.Debug|Any CPU.Build.0 = Debug|Any CPU
		{08E94154-A8EA-4FC4-B578-9BA1D90CA990}.Release|Any CPU.ActiveCfg = Release|Any CPU
		{08E94154-A8EA-4FC4-B578-9BA1D90CA990}.Release|Any CPU.Build.0 = Release|Any CPU
	EndGlobalSection
	GlobalSection(SolutionProperties) = preSolution
		HideSolutionNode = FALSE
	EndGlobalSection
	GlobalSection(ExtensibilityGlobals) = postSolution
		SolutionGuid = {314D2C30-480B-4C1A-A899-B0DAFC4786C5}
	EndGlobalSection
EndGlobal
